
Microsoft Visual Studio Solution File, Format Version 12.00
# Visual Studio Version 17
VisualStudioVersion = 17.10.34928.147
MinimumVisualStudioVersion = 10.0.40219.1
Project("{FAE04EC0-301F-11D3-BF4B-00C04F79EFBC}") = "Sueldo10195594", "Sueldo10195594\Sueldo10195594.csproj", "{673ADCE1-C225-4A48-A014-69EFE58219D2}"
EndProject
Global
	GlobalSection(SolutionConfigurationPlatforms) = preSolution
		Debug|Any CPU = Debug|Any CPU
		Release|Any CPU = Release|Any CPU
	EndGlobalSection
	GlobalSection(ProjectConfigurationPlatforms) = postSolution
		{673ADCE1-C225-4A48-A014-69EFE58219D2}.Debug|Any CPU.ActiveCfg = Debug|Any CPU
		{673ADCE1-C225-4A48-A014-69EFE58219D2}.Debug|Any CPU.Build.0 = Debug|Any CPU
		{673ADCE1-C225-4A48-A014-69EFE58219D2}.Debug|Any CPU.Deploy.0 = Debug|Any CPU
		{673ADCE1-C225-4A48-A014-69EFE58219D2}.Release|Any CPU.ActiveCfg = Release|Any CPU
		{673ADCE1-C225-4A48-A014-69EFE58219D2}.Release|Any CPU.Build.0 = Release|Any CPU
		{673ADCE1-C225-4A48-A014-69EFE58219D2}.Release|Any CPU.Deploy.0 = Release|Any CPU
	EndGlobalSection
	GlobalSection(SolutionProperties) = preSolution
		HideSolutionNode = FALSE
	EndGlobalSection
	GlobalSection(ExtensibilityGlobals) = postSolution
		SolutionGuid = {62AE9B95-C2A2-4E7D-B596-9446707E0497}
	EndGlobalSection
EndGlobal
